
Microsoft Visual Studio Solution File, Format Version 12.00
# Visual Studio Version 16
VisualStudioVersion = 25.0.1706.14
MinimumVisualStudioVersion = 10.0.40219.1
Project("{FAE04EC0-301F-11D3-BF4B-00C04F79EFBC}") = "5ta compañia", "5ta compañia\5ta compañia.csproj", "{69836F21-DA64-460D-A983-091167F23347}"
EndProject
Global
	GlobalSection(SolutionConfigurationPlatforms) = preSolution
		Debug|Any CPU = Debug|Any CPU
		Release|Any CPU = Release|Any CPU
	EndGlobalSection
	GlobalSection(ProjectConfigurationPlatforms) = postSolution
		{69836F21-DA64-460D-A983-091167F23347}.Debug|Any CPU.ActiveCfg = Debug|Any CPU
		{69836F21-DA64-460D-A983-091167F23347}.Debug|Any CPU.Build.0 = Debug|Any CPU
		{69836F21-DA64-460D-A983-091167F23347}.Release|Any CPU.ActiveCfg = Release|Any CPU
		{69836F21-DA64-460D-A983-091167F23347}.Release|Any CPU.Build.0 = Release|Any CPU
	EndGlobalSection
	GlobalSection(SolutionProperties) = preSolution
		HideSolutionNode = FALSE
	EndGlobalSection
	GlobalSection(ExtensibilityGlobals) = postSolution
		SolutionGuid = {9650A0F9-62CA-48B5-B2C1-43E5FE0E0022}
	EndGlobalSection
EndGlobal
